
Microsoft Visual Studio Solution File, Format Version 12.00
Project("{2150E333-8FDC-42A3-9474-1A3956D46DE8}") = "src", "src", "{827E0CD3-B72D-47B6-A68D-7590B98EB39B}"
EndProject
Project("{FAE04EC0-301F-11D3-BF4B-00C04F79EFBC}") = "AdventureWorksAIWorkspace.Domain", "src\Domain\AdventureWorksAIWorkspace.Domain.csproj", "{316F6EA4-EAE7-4B3D-91B2-31AE78A49C1D}"
EndProject
Project("{FAE04EC0-301F-11D3-BF4B-00C04F79EFBC}") = "AdventureWorksAIWorkspace.Application", "src\Application\AdventureWorksAIWorkspace.Application.csproj", "{0513CE4E-71AA-41B7-8AFD-6092BC9DE67E}"
EndProject
Project("{FAE04EC0-301F-11D3-BF4B-00C04F79EFBC}") = "AdventureWorksAIWorkspace.Infrastructure", "src\Infrastructure\AdventureWorksAIWorkspace.Infrastructure.csproj", "{BB6E2A2B-F210-458F-929A-DB1F08E47D48}"
EndProject
Project("{FAE04EC0-301F-11D3-BF4B-00C04F79EFBC}") = "AdventureWorksAIWorkspace.Api", "src\Api\AdventureWorksAIWorkspace.Api.csproj", "{B0547768-951F-4E42-A179-0A9ED6EFC180}"
EndProject
Project("{2150E333-8FDC-42A3-9474-1A3956D46DE8}") = "tests", "tests", "{0AB3BF05-4346-4AA6-1389-037BE0695223}"
EndProject
Project("{FAE04EC0-301F-11D3-BF4B-00C04F79EFBC}") = "AdventureWorksAIWorkspace.Application.Tests", "tests\Application.Tests\AdventureWorksAIWorkspace.Application.Tests.csproj", "{035014AE-AC33-4A77-93C6-4D130885525B}"
EndProject
Project("{FAE04EC0-301F-11D3-BF4B-00C04F79EFBC}") = "AdventureWorksAIWorkspace.Architecture.Tests", "tests\Architecture.Tests\AdventureWorksAIWorkspace.Architecture.Tests.csproj", "{A4E7A293-152D-4172-8598-13D18FCF3541}"
EndProject
Project("{FAE04EC0-301F-11D3-BF4B-00C04F79EFBC}") = "AdventureWorksAIWorkspace.Unit.Tests", "tests\Unit.Tests\AdventureWorksAIWorkspace.Unit.Tests.csproj", "{6A477BCA-B613-41FA-A182-9ABF357FC07A}"
EndProject
Project("{FAE04EC0-301F-11D3-BF4B-00C04F79EFBC}") = "AdventureWorksAIWorkspace.Functional.Tests", "tests\Functional.Tests\AdventureWorksAIWorkspace.Functional.Tests.csproj", "{DE77DB75-1978-46C0-9922-BAEC713DEE0C}"
EndProject
Project("{FAE04EC0-301F-11D3-BF4B-00C04F79EFBC}") = "AdventureWorksAIWorkspace.Integration.Tests", "tests\Integration.Tests\AdventureWorksAIWorkspace.Integration.Tests.csproj", "{DD016524-200E-4361-B665-403354DC323E}"
EndProject
Project("{2150E333-8FDC-42A3-9474-1A3956D46DE8}") = "solutionItems", "solutionItems", "{99B8B231-6A2B-4531-9E7C-E84C9B1E907B}"
	ProjectSection(SolutionItems) = preProject
		.dockerignore = .dockerignore
		.editorconfig = .editorconfig
		.gitignore = .gitignore
		Directory.Build.props = Directory.Build.props
		Directory.Packages.props = Directory.Packages.props
		global.json = global.json
	EndProjectSection
EndProject
Global
	GlobalSection(SolutionConfigurationPlatforms) = preSolution
		Debug|Any CPU = Debug|Any CPU
		Debug|x64 = Debug|x64
		Debug|x86 = Debug|x86
		Release|Any CPU = Release|Any CPU
		Release|x64 = Release|x64
		Release|x86 = Release|x86
	EndGlobalSection
	GlobalSection(ProjectConfigurationPlatforms) = postSolution
		{316F6EA4-EAE7-4B3D-91B2-31AE78A49C1D}.Debug|Any CPU.ActiveCfg = Debug|Any CPU
		{316F6EA4-EAE7-4B3D-91B2-31AE78A49C1D}.Debug|Any CPU.Build.0 = Debug|Any CPU
		{316F6EA4-EAE7-4B3D-91B2-31AE78A49C1D}.Debug|x64.ActiveCfg = Debug|Any CPU
		{316F6EA4-EAE7-4B3D-91B2-31AE78A49C1D}.Debug|x64.Build.0 = Debug|Any CPU
		{316F6EA4-EAE7-4B3D-91B2-31AE78A49C1D}.Debug|x86.ActiveCfg = Debug|Any CPU
		{316F6EA4-EAE7-4B3D-91B2-31AE78A49C1D}.Debug|x86.Build.0 = Debug|Any CPU
		{316F6EA4-EAE7-4B3D-91B2-31AE78A49C1D}.Release|Any CPU.ActiveCfg = Release|Any CPU
		{316F6EA4-EAE7-4B3D-91B2-31AE78A49C1D}.Release|Any CPU.Build.0 = Release|Any CPU
		{316F6EA4-EAE7-4B3D-91B2-31AE78A49C1D}.Release|x64.ActiveCfg = Release|Any CPU
		{316F6EA4-EAE7-4B3D-91B2-31AE78A49C1D}.Release|x64.Build.0 = Release|Any CPU
		{316F6EA4-EAE7-4B3D-91B2-31AE78A49C1D}.Release|x86.ActiveCfg = Release|Any CPU
		{316F6EA4-EAE7-4B3D-91B2-31AE78A49C1D}.Release|x86.Build.0 = Release|Any CPU
		{0513CE4E-71AA-41B7-8AFD-6092BC9DE67E}.Debug|Any CPU.ActiveCfg = Debug|Any CPU
		{0513CE4E-71AA-41B7-8AFD-6092BC9DE67E}.Debug|Any CPU.Build.0 = Debug|Any CPU
		{0513CE4E-71AA-41B7-8AFD-6092BC9DE67E}.Debug|x64.ActiveCfg = Debug|Any CPU
		{0513CE4E-71AA-41B7-8AFD-6092BC9DE67E}.Debug|x64.Build.0 = Debug|Any CPU
		{0513CE4E-71AA-41B7-8AFD-6092BC9DE67E}.Debug|x86.ActiveCfg = Debug|Any CPU
		{0513CE4E-71AA-41B7-8AFD-6092BC9DE67E}.Debug|x86.Build.0 = Debug|Any CPU
		{0513CE4E-71AA-41B7-8AFD-6092BC9DE67E}.Release|Any CPU.ActiveCfg = Release|Any CPU
		{0513CE4E-71AA-41B7-8AFD-6092BC9DE67E}.Release|Any CPU.Build.0 = Release|Any CPU
		{0513CE4E-71AA-41B7-8AFD-6092BC9DE67E}.Release|x64.ActiveCfg = Release|Any CPU
		{0513CE4E-71AA-41B7-8AFD-6092BC9DE67E}.Release|x64.Build.0 = Release|Any CPU
		{0513CE4E-71AA-41B7-8AFD-6092BC9DE67E}.Release|x86.ActiveCfg = Release|Any CPU
		{0513CE4E-71AA-41B7-8AFD-6092BC9DE67E}.Release|x86.Build.0 = Release|Any CPU
		{BB6E2A2B-F210-458F-929A-DB1F08E47D48}.Debug|Any CPU.ActiveCfg = Debug|Any CPU
		{BB6E2A2B-F210-458F-929A-DB1F08E47D48}.Debug|Any CPU.Build.0 = Debug|Any CPU
		{BB6E2A2B-F210-458F-929A-DB1F08E47D48}.Debug|x64.ActiveCfg = Debug|Any CPU
		{BB6E2A2B-F210-458F-929A-DB1F08E47D48}.Debug|x64.Build.0 = Debug|Any CPU
		{BB6E2A2B-F210-458F-929A-DB1F08E47D48}.Debug|x86.ActiveCfg = Debug|Any CPU
		{BB6E2A2B-F210-458F-929A-DB1F08E47D48}.Debug|x86.Build.0 = Debug|Any CPU
		{BB6E2A2B-F210-458F-929A-DB1F08E47D48}.Release|Any CPU.ActiveCfg = Release|Any CPU
		{BB6E2A2B-F210-458F-929A-DB1F08E47D48}.Release|Any CPU.Build.0 = Release|Any CPU
		{BB6E2A2B-F210-458F-929A-DB1F08E47D48}.Release|x64.ActiveCfg = Release|Any CPU
		{BB6E2A2B-F210-458F-929A-DB1F08E47D48}.Release|x64.Build.0 = Release|Any CPU
		{BB6E2A2B-F210-458F-929A-DB1F08E47D48}.Release|x86.ActiveCfg = Release|Any CPU
		{BB6E2A2B-F210-458F-929A-DB1F08E47D48}.Release|x86.Build.0 = Release|Any CPU
		{B0547768-951F-4E42-A179-0A9ED6EFC180}.Debug|Any CPU.ActiveCfg = Debug|Any CPU
		{B0547768-951F-4E42-A179-0A9ED6EFC180}.Debug|Any CPU.Build.0 = Debug|Any CPU
		{B0547768-951F-4E42-A179-0A9ED6EFC180}.Debug|x64.ActiveCfg = Debug|Any CPU
		{B0547768-951F-4E42-A179-0A9ED6EFC180}.Debug|x64.Build.0 = Debug|Any CPU
		{B0547768-951F-4E42-A179-0A9ED6EFC180}.Debug|x86.ActiveCfg = Debug|Any CPU
		{B0547768-951F-4E42-A179-0A9ED6EFC180}.Debug|x86.Build.0 = Debug|Any CPU
		{B0547768-951F-4E42-A179-0A9ED6EFC180}.Release|Any CPU.ActiveCfg = Release|Any CPU
		{B0547768-951F-4E42-A179-0A9ED6EFC180}.Release|Any CPU.Build.0 = Release|Any CPU
		{B0547768-951F-4E42-A179-0A9ED6EFC180}.Release|x64.ActiveCfg = Release|Any CPU
		{B0547768-951F-4E42-A179-0A9ED6EFC180}.Release|x64.Build.0 = Release|Any CPU
		{B0547768-951F-4E42-A179-0A9ED6EFC180}.Release|x86.ActiveCfg = Release|Any CPU
		{B0547768-951F-4E42-A179-0A9ED6EFC180}.Release|x86.Build.0 = Release|Any CPU
		{035014AE-AC33-4A77-93C6-4D130885525B}.Debug|Any CPU.ActiveCfg = Debug|Any CPU
		{035014AE-AC33-4A77-93C6-4D130885525B}.Debug|Any CPU.Build.0 = Debug|Any CPU
		{035014AE-AC33-4A77-93C6-4D130885525B}.Debug|x64.ActiveCfg = Debug|Any CPU
		{035014AE-AC33-4A77-93C6-4D130885525B}.Debug|x64.Build.0 = Debug|Any CPU
		{035014AE-AC33-4A77-93C6-4D130885525B}.Debug|x86.ActiveCfg = Debug|Any CPU
		{035014AE-AC33-4A77-93C6-4D130885525B}.Debug|x86.Build.0 = Debug|Any CPU
		{035014AE-AC33-4A77-93C6-4D130885525B}.Release|Any CPU.ActiveCfg = Release|Any CPU
		{035014AE-AC33-4A77-93C6-4D130885525B}.Release|Any CPU.Build.0 = Release|Any CPU
		{035014AE-AC33-4A77-93C6-4D130885525B}.Release|x64.ActiveCfg = Release|Any CPU
		{035014AE-AC33-4A77-93C6-4D130885525B}.Release|x64.Build.0 = Release|Any CPU
		{035014AE-AC33-4A77-93C6-4D130885525B}.Release|x86.ActiveCfg = Release|Any CPU
		{035014AE-AC33-4A77-93C6-4D130885525B}.Release|x86.Build.0 = Release|Any CPU
		{A4E7A293-152D-4172-8598-13D18FCF3541}.Debug|Any CPU.ActiveCfg = Debug|Any CPU
		{A4E7A293-152D-4172-8598-13D18FCF3541}.Debug|Any CPU.Build.0 = Debug|Any CPU
		{A4E7A293-152D-4172-8598-13D18FCF3541}.Debug|x64.ActiveCfg = Debug|Any CPU
		{A4E7A293-152D-4172-8598-13D18FCF3541}.Debug|x64.Build.0 = Debug|Any CPU
		{A4E7A293-152D-4172-8598-13D18FCF3541}.Debug|x86.ActiveCfg = Debug|Any CPU
		{A4E7A293-152D-4172-8598-13D18FCF3541}.Debug|x86.Build.0 = Debug|Any CPU
		{A4E7A293-152D-4172-8598-13D18FCF3541}.Release|Any CPU.ActiveCfg = Release|Any CPU
		{A4E7A293-152D-4172-8598-13D18FCF3541}.Release|Any CPU.Build.0 = Release|Any CPU
		{A4E7A293-152D-4172-8598-13D18FCF3541}.Release|x64.ActiveCfg = Release|Any CPU
		{A4E7A293-152D-4172-8598-13D18FCF3541}.Release|x64.Build.0 = Release|Any CPU
		{A4E7A293-152D-4172-8598-13D18FCF3541}.Release|x86.ActiveCfg = Release|Any CPU
		{A4E7A293-152D-4172-8598-13D18FCF3541}.Release|x86.Build.0 = Release|Any CPU
		{6A477BCA-B613-41FA-A182-9ABF357FC07A}.Debug|Any CPU.ActiveCfg = Debug|Any CPU
		{6A477BCA-B613-41FA-A182-9ABF357FC07A}.Debug|Any CPU.Build.0 = Debug|Any CPU
		{6A477BCA-B613-41FA-A182-9ABF357FC07A}.Debug|x64.ActiveCfg = Debug|Any CPU
		{6A477BCA-B613-41FA-A182-9ABF357FC07A}.Debug|x64.Build.0 = Debug|Any CPU
		{6A477BCA-B613-41FA-A182-9ABF357FC07A}.Debug|x86.ActiveCfg = Debug|Any CPU
		{6A477BCA-B613-41FA-A182-9ABF357FC07A}.Debug|x86.Build.0 = Debug|Any CPU
		{6A477BCA-B613-41FA-A182-9ABF357FC07A}.Release|Any CPU.ActiveCfg = Release|Any CPU
		{6A477BCA-B613-41FA-A182-9ABF357FC07A}.Release|Any CPU.Build.0 = Release|Any CPU
		{6A477BCA-B613-41FA-A182-9ABF357FC07A}.Release|x64.ActiveCfg = Release|Any CPU
		{6A477BCA-B613-41FA-A182-9ABF357FC07A}.Release|x64.Build.0 = Release|Any CPU
		{6A477BCA-B613-41FA-A182-9ABF357FC07A}.Release|x86.ActiveCfg = Release|Any CPU
		{6A477BCA-B613-41FA-A182-9ABF357FC07A}.Release|x86.Build.0 = Release|Any CPU
		{DE77DB75-1978-46C0-9922-BAEC713DEE0C}.Debug|Any CPU.ActiveCfg = Debug|Any CPU
		{DE77DB75-1978-46C0-9922-BAEC713DEE0C}.Debug|Any CPU.Build.0 = Debug|Any CPU
		{DE77DB75-1978-46C0-9922-BAEC713DEE0C}.Debug|x64.ActiveCfg = Debug|Any CPU
		{DE77DB75-1978-46C0-9922-BAEC713DEE0C}.Debug|x64.Build.0 = Debug|Any CPU
		{DE77DB75-1978-46C0-9922-BAEC713DEE0C}.Debug|x86.ActiveCfg = Debug|Any CPU
		{DE77DB75-1978-46C0-9922-BAEC713DEE0C}.Debug|x86.Build.0 = Debug|Any CPU
		{DE77DB75-1978-46C0-9922-BAEC713DEE0C}.Release|Any CPU.ActiveCfg = Release|Any CPU
		{DE77DB75-1978-46C0-9922-BAEC713DEE0C}.Release|Any CPU.Build.0 = Release|Any CPU
		{DE77DB75-1978-46C0-9922-BAEC713DEE0C}.Release|x64.ActiveCfg = Release|Any CPU
		{DE77DB75-1978-46C0-9922-BAEC713DEE0C}.Release|x64.Build.0 = Release|Any CPU
		{DE77DB75-1978-46C0-9922-BAEC713DEE0C}.Release|x86.ActiveCfg = Release|Any CPU
		{DE77DB75-1978-46C0-9922-BAEC713DEE0C}.Release|x86.Build.0 = Release|Any CPU
		{DD016524-200E-4361-B665-403354DC323E}.Debug|Any CPU.ActiveCfg = Debug|Any CPU
		{DD016524-200E-4361-B665-403354DC323E}.Debug|Any CPU.Build.0 = Debug|Any CPU
		{DD016524-200E-4361-B665-403354DC323E}.Debug|x64.ActiveCfg = Debug|Any CPU
		{DD016524-200E-4361-B665-403354DC323E}.Debug|x64.Build.0 = Debug|Any CPU
		{DD016524-200E-4361-B665-403354DC323E}.Debug|x86.ActiveCfg = Debug|Any CPU
		{DD016524-200E-4361-B665-403354DC323E}.Debug|x86.Build.0 = Debug|Any CPU
		{DD016524-200E-4361-B665-403354DC323E}.Release|Any CPU.ActiveCfg = Release|Any CPU
		{DD016524-200E-4361-B665-403354DC323E}.Release|Any CPU.Build.0 = Release|Any CPU
		{DD016524-200E-4361-B665-403354DC323E}.Release|x64.ActiveCfg = Release|Any CPU
		{DD016524-200E-4361-B665-403354DC323E}.Release|x64.Build.0 = Release|Any CPU
		{DD016524-200E-4361-B665-403354DC323E}.Release|x86.ActiveCfg = Release|Any CPU
		{DD016524-200E-4361-B665-403354DC323E}.Release|x86.Build.0 = Release|Any CPU
	EndGlobalSection
	GlobalSection(SolutionProperties) = preSolution
		HideSolutionNode = FALSE
	EndGlobalSection
	GlobalSection(NestedProjects) = preSolution
		{316F6EA4-EAE7-4B3D-91B2-31AE78A49C1D} = {827E0CD3-B72D-47B6-A68D-7590B98EB39B}
		{0513CE4E-71AA-41B7-8AFD-6092BC9DE67E} = {827E0CD3-B72D-47B6-A68D-7590B98EB39B}
		{BB6E2A2B-F210-458F-929A-DB1F08E47D48} = {827E0CD3-B72D-47B6-A68D-7590B98EB39B}
		{B0547768-951F-4E42-A179-0A9ED6EFC180} = {827E0CD3-B72D-47B6-A68D-7590B98EB39B}
		{035014AE-AC33-4A77-93C6-4D130885525B} = {0AB3BF05-4346-4AA6-1389-037BE0695223}
		{A4E7A293-152D-4172-8598-13D18FCF3541} = {0AB3BF05-4346-4AA6-1389-037BE0695223}
		{6A477BCA-B613-41FA-A182-9ABF357FC07A} = {0AB3BF05-4346-4AA6-1389-037BE0695223}
		{DE77DB75-1978-46C0-9922-BAEC713DEE0C} = {0AB3BF05-4346-4AA6-1389-037BE0695223}
		{DD016524-200E-4361-B665-403354DC323E} = {0AB3BF05-4346-4AA6-1389-037BE0695223}
	EndGlobalSection
EndGlobal
